
Microsoft Visual Studio Solution File, Format Version 12.00
# Visual Studio Version 17
VisualStudioVersion = 17.10.35027.167
MinimumVisualStudioVersion = 10.0.40219.1
Project("{9A19103F-16F7-4668-BE54-9A1E7A4F7556}") = "A_DAL", "A_DAL\A_DAL.csproj", "{FF6A5689-BFE3-4439-9A0B-AC0CAB7CB888}"
EndProject
Project("{FAE04EC0-301F-11D3-BF4B-00C04F79EFBC}") = "C_PRL", "C_PRL\C_PRL.csproj", "{C16A8327-6C11-4D83-A907-A5D6C635E8FC}"
EndProject
Project("{FAE04EC0-301F-11D3-BF4B-00C04F79EFBC}") = "B_BUS", "B_BUS\B_BUS.csproj", "{2C7CFB13-2491-4207-8817-E4D4A7B6F781}"
EndProject
Global
	GlobalSection(SolutionConfigurationPlatforms) = preSolution
		Debug|Any CPU = Debug|Any CPU
		Release|Any CPU = Release|Any CPU
	EndGlobalSection
	GlobalSection(ProjectConfigurationPlatforms) = postSolution
		{FF6A5689-BFE3-4439-9A0B-AC0CAB7CB888}.Debug|Any CPU.ActiveCfg = Debug|Any CPU
		{FF6A5689-BFE3-4439-9A0B-AC0CAB7CB888}.Debug|Any CPU.Build.0 = Debug|Any CPU
		{FF6A5689-BFE3-4439-9A0B-AC0CAB7CB888}.Release|Any CPU.ActiveCfg = Release|Any CPU
		{FF6A5689-BFE3-4439-9A0B-AC0CAB7CB888}.Release|Any CPU.Build.0 = Release|Any CPU
		{C16A8327-6C11-4D83-A907-A5D6C635E8FC}.Debug|Any CPU.ActiveCfg = Debug|Any CPU
		{C16A8327-6C11-4D83-A907-A5D6C635E8FC}.Debug|Any CPU.Build.0 = Debug|Any CPU
		{C16A8327-6C11-4D83-A907-A5D6C635E8FC}.Release|Any CPU.ActiveCfg = Release|Any CPU
		{C16A8327-6C11-4D83-A907-A5D6C635E8FC}.Release|Any CPU.Build.0 = Release|Any CPU
		{2C7CFB13-2491-4207-8817-E4D4A7B6F781}.Debug|Any CPU.ActiveCfg = Debug|Any CPU
		{2C7CFB13-2491-4207-8817-E4D4A7B6F781}.Debug|Any CPU.Build.0 = Debug|Any CPU
		{2C7CFB13-2491-4207-8817-E4D4A7B6F781}.Release|Any CPU.ActiveCfg = Release|Any CPU
		{2C7CFB13-2491-4207-8817-E4D4A7B6F781}.Release|Any CPU.Build.0 = Release|Any CPU
	EndGlobalSection
	GlobalSection(SolutionProperties) = preSolution
		HideSolutionNode = FALSE
	EndGlobalSection
	GlobalSection(ExtensibilityGlobals) = postSolution
		SolutionGuid = {6EF89D2A-88D8-4D6D-909B-4E99DC2DB9A7}
	EndGlobalSection
EndGlobal
